
Microsoft Visual Studio Solution File, Format Version 12.00
# Visual Studio Version 16
VisualStudioVersion = 16.0.33423.256
MinimumVisualStudioVersion = 10.0.40219.1
Project("{FAE04EC0-301F-11D3-BF4B-00C04F79EFBC}") = "Analysis and Design Project", "Analysis and Design Project\Analysis and Design Project.csproj", "{5A7040D8-F562-4B1E-9425-77F5D9AC1109}"
EndProject
Project("{FAE04EC0-301F-11D3-BF4B-00C04F79EFBC}") = "DAL", "DAL\DAL.csproj", "{F22098A9-AF8A-473A-B82E-8FABBA23FE84}"
EndProject
Project("{FAE04EC0-301F-11D3-BF4B-00C04F79EFBC}") = "DTO", "DTO\DTO.csproj", "{3F971526-1B0D-4FAB-BE0B-2AEEF7368045}"
EndProject
Project("{FAE04EC0-301F-11D3-BF4B-00C04F79EFBC}") = "BLL", "BUS\BLL.csproj", "{D4C06174-CCFC-41FC-A26C-AF2F898C207A}"
EndProject
Global
	GlobalSection(SolutionConfigurationPlatforms) = preSolution
		Debug|Any CPU = Debug|Any CPU
		Release|Any CPU = Release|Any CPU
	EndGlobalSection
	GlobalSection(ProjectConfigurationPlatforms) = postSolution
		{5A7040D8-F562-4B1E-9425-77F5D9AC1109}.Debug|Any CPU.ActiveCfg = Debug|Any CPU
		{5A7040D8-F562-4B1E-9425-77F5D9AC1109}.Debug|Any CPU.Build.0 = Debug|Any CPU
		{5A7040D8-F562-4B1E-9425-77F5D9AC1109}.Release|Any CPU.ActiveCfg = Release|Any CPU
		{5A7040D8-F562-4B1E-9425-77F5D9AC1109}.Release|Any CPU.Build.0 = Release|Any CPU
		{F22098A9-AF8A-473A-B82E-8FABBA23FE84}.Debug|Any CPU.ActiveCfg = Debug|Any CPU
		{F22098A9-AF8A-473A-B82E-8FABBA23FE84}.Debug|Any CPU.Build.0 = Debug|Any CPU
		{F22098A9-AF8A-473A-B82E-8FABBA23FE84}.Release|Any CPU.ActiveCfg = Release|Any CPU
		{F22098A9-AF8A-473A-B82E-8FABBA23FE84}.Release|Any CPU.Build.0 = Release|Any CPU
		{3F971526-1B0D-4FAB-BE0B-2AEEF7368045}.Debug|Any CPU.ActiveCfg = Debug|Any CPU
		{3F971526-1B0D-4FAB-BE0B-2AEEF7368045}.Debug|Any CPU.Build.0 = Debug|Any CPU
		{3F971526-1B0D-4FAB-BE0B-2AEEF7368045}.Release|Any CPU.ActiveCfg = Release|Any CPU
		{3F971526-1B0D-4FAB-BE0B-2AEEF7368045}.Release|Any CPU.Build.0 = Release|Any CPU
		{D4C06174-CCFC-41FC-A26C-AF2F898C207A}.Debug|Any CPU.ActiveCfg = Debug|Any CPU
		{D4C06174-CCFC-41FC-A26C-AF2F898C207A}.Debug|Any CPU.Build.0 = Debug|Any CPU
		{D4C06174-CCFC-41FC-A26C-AF2F898C207A}.Release|Any CPU.ActiveCfg = Release|Any CPU
		{D4C06174-CCFC-41FC-A26C-AF2F898C207A}.Release|Any CPU.Build.0 = Release|Any CPU
	EndGlobalSection
	GlobalSection(SolutionProperties) = preSolution
		HideSolutionNode = FALSE
	EndGlobalSection
	GlobalSection(ExtensibilityGlobals) = postSolution
		SolutionGuid = {98771207-BA54-4629-8D47-9DE4CF48F3CA}
	EndGlobalSection
EndGlobal
